<?xml version="1.0" encoding="utf-8"?>
<Project ToolsVersion="4.0" xmlns="http://schemas.microsoft.com/developer/msbuild/2003">
  <ItemGroup>
    <ClCompile Include="AppWindow.cpp">
      <Filter>App</Filter>
    </ClCompile>
    <ClCompile Include="main.cpp">
      <Filter>App</Filter>
    </ClCompile>
    <ClCompile Include="ConstantBuffer.cpp">
      <Filter>Engine\Buffers</Filter>
    </ClCompile>
    <ClCompile Include="IndexBuffer.cpp">
      <Filter>Engine\Buffers</Filter>
    </ClCompile>
    <ClCompile Include="VertexBuffer.cpp">
      <Filter>Engine\Buffers</Filter>
    </ClCompile>
    <ClCompile Include="VertexShader.cpp">
      <Filter>Engine\Shader</Filter>
    </ClCompile>
    <ClCompile Include="Window.cpp">
      <Filter>Engine\Window</Filter>
    </ClCompile>
    <ClCompile Include="InputSystem.cpp">
      <Filter>Engine\Input</Filter>
    </ClCompile>
    <ClCompile Include="GraphicsEngine.cpp">
      <Filter>Engine\Graphics</Filter>
    </ClCompile>
    <ClCompile Include="PixelShader.cpp">
      <Filter>Engine\Shader</Filter>
    </ClCompile>
    <ClCompile Include="DeviceContext.cpp">
      <Filter>Engine\Graphics\device context</Filter>
    </ClCompile>
    <ClCompile Include="RenderSystem.cpp">
      <Filter>Engine\Graphics\Render system</Filter>
    </ClCompile>
    <ClCompile Include="SwapChain.cpp">
      <Filter>Engine\Graphics\Swap chain</Filter>
    </ClCompile>
    <ClCompile Include="Resource.cpp">
      <Filter>Engine\ResourceManager</Filter>
    </ClCompile>
    <ClCompile Include="ResourceManager.cpp">
      <Filter>Engine\ResourceManager</Filter>
    </ClCompile>
    <ClCompile Include="Texture.cpp">
      <Filter>Engine\TextureManager</Filter>
    </ClCompile>
    <ClCompile Include="TextureManager.cpp">
      <Filter>Engine\TextureManager</Filter>
    </ClCompile>
  </ItemGroup>
  <ItemGroup>
    <ClInclude Include="AppWindow.h">
      <Filter>App</Filter>
    </ClInclude>
    <ClInclude Include="ConstantBuffer.h">
      <Filter>Engine\Buffers</Filter>
    </ClInclude>
    <ClInclude Include="IndexBuffer.h">
      <Filter>Engine\Buffers</Filter>
    </ClInclude>
    <ClInclude Include="VertexBuffer.h">
      <Filter>Engine\Buffers</Filter>
    </ClInclude>
    <ClInclude Include="VertexShader.h">
      <Filter>Engine\Shader</Filter>
    </ClInclude>
    <ClInclude Include="Window.h">
      <Filter>Engine\Window</Filter>
    </ClInclude>
    <ClInclude Include="InputListener.h">
      <Filter>Engine\Input</Filter>
    </ClInclude>
    <ClInclude Include="InputSystem.h">
      <Filter>Engine\Input</Filter>
    </ClInclude>
    <ClInclude Include="Point.h">
      <Filter>Engine\Input</Filter>
    </ClInclude>
    <ClInclude Include="GraphicsEngine.h">
      <Filter>Engine\Graphics</Filter>
    </ClInclude>
    <ClInclude Include="PixelShader.h">
      <Filter>Engine\Shader</Filter>
    </ClInclude>
    <ClInclude Include="Matrix4x4.h">
      <Filter>Engine\Math</Filter>
    </ClInclude>
    <ClInclude Include="Vector3.h">
      <Filter>Engine\Math</Filter>
    </ClInclude>
    <ClInclude Include="Vector4.h">
      <Filter>Engine\Math</Filter>
    </ClInclude>
    <ClInclude Include="Prerequisites.h">
      <Filter>Engine\Graphics</Filter>
    </ClInclude>
    <ClInclude Include="DeviceContext.h">
      <Filter>Engine\Graphics\device context</Filter>
    </ClInclude>
    <ClInclude Include="RenderSystem.h">
      <Filter>Engine\Graphics\Render system</Filter>
    </ClInclude>
    <ClInclude Include="SwapChain.h">
      <Filter>Engine\Graphics\Swap chain</Filter>
    </ClInclude>
    <ClInclude Include="Resource.h">
      <Filter>Engine\ResourceManager</Filter>
    </ClInclude>
    <ClInclude Include="ResourceManager.h">
      <Filter>Engine\ResourceManager</Filter>
    </ClInclude>
    <ClInclude Include="Texture.h">
      <Filter>Engine\TextureManager</Filter>
    </ClInclude>
    <ClInclude Include="TextureManager.h">
      <Filter>Engine\TextureManager</Filter>
    </ClInclude>
  </ItemGroup>
  <ItemGroup>
    <FxCompile Include="VertexShader.hlsl">
      <Filter>Engine\Shader</Filter>
    </FxCompile>
    <FxCompile Include="PixelShader.hlsl">
      <Filter>Engine\Shader</Filter>
    </FxCompile>
  </ItemGroup>
  <ItemGroup>
    <Filter Include="App">
      <UniqueIdentifier>{e9eb8adf-d604-4b15-949e-caaf8ff6a179}</UniqueIdentifier>
    </Filter>
    <Filter Include="Engine">
      <UniqueIdentifier>{6172da86-ce4d-429f-863e-6808fd0494e6}</UniqueIdentifier>
    </Filter>
    <Filter Include="Engine\Window">
      <UniqueIdentifier>{f4bc0517-3cd6-4c49-b4a9-33593ccab266}</UniqueIdentifier>
    </Filter>
    <Filter Include="Engine\Buffers">
      <UniqueIdentifier>{c093faf8-f5d4-4766-b346-6fd3b1a17700}</UniqueIdentifier>
    </Filter>
    <Filter Include="Engine\Input">
      <UniqueIdentifier>{a8f57c4b-c80f-4ecd-9fed-bc6c25048edb}</UniqueIdentifier>
    </Filter>
    <Filter Include="Engine\Graphics">
      <UniqueIdentifier>{ee5c831d-f8ab-4ba4-bc26-5ed92ca281d5}</UniqueIdentifier>
    </Filter>
    <Filter Include="Engine\Shader">
      <UniqueIdentifier>{a6f2ecc6-7402-4634-a43a-e9ef444e462e}</UniqueIdentifier>
    </Filter>
    <Filter Include="Engine\Math">
      <UniqueIdentifier>{d7865fca-ef5d-4524-b50d-f265c9c6f394}</UniqueIdentifier>
    </Filter>
    <Filter Include="Engine\Graphics\Swap chain">
      <UniqueIdentifier>{04e2c4bc-2243-48d8-baf7-9b595bb1791a}</UniqueIdentifier>
    </Filter>
    <Filter Include="Engine\Graphics\device context">
      <UniqueIdentifier>{5f0fd38e-a018-476e-9e59-4414c805449d}</UniqueIdentifier>
    </Filter>
    <Filter Include="Engine\Graphics\Render system">
      <UniqueIdentifier>{35b9497e-0e3a-447e-94de-3ef7df4a0a89}</UniqueIdentifier>
    </Filter>
    <Filter Include="Engine\ResourceManager">
      <UniqueIdentifier>{93d71b61-947e-41dc-aef1-8b249a454f56}</UniqueIdentifier>
    </Filter>
    <Filter Include="Engine\TextureManager">
      <UniqueIdentifier>{b6d758e7-3e53-42a8-853b-b1420e1cac72}</UniqueIdentifier>
    </Filter>
  </ItemGroup>
</Project>